// !$*UTF8*$!
{
	archiveVersion = 1;
	classes = {
	};
	objectVersion = 46;
	objects = {

/* Begin PBXBuildFile section */
		A29D96E219552B8F008E554D /* Foundation.framework in Frameworks */ = {isa = PBXBuildFile; fileRef = A29D96E119552B8F008E554D /* Foundation.framework */; };
		A29D96E419552B8F008E554D /* CoreGraphics.framework in Frameworks */ = {isa = PBXBuildFile; fileRef = A29D96E319552B8F008E554D /* CoreGraphics.framework */; };
		A29D96E619552B8F008E554D /* UIKit.framework in Frameworks */ = {isa = PBXBuildFile; fileRef = A29D96E519552B8F008E554D /* UIKit.framework */; };
		A29D96EC19552B8F008E554D /* InfoPlist.strings in Resources */ = {isa = PBXBuildFile; fileRef = A29D96EA19552B8F008E554D /* InfoPlist.strings */; };
		A29D96EE19552B8F008E554D /* main.m in Sources */ = {isa = PBXBuildFile; fileRef = A29D96ED19552B8F008E554D /* main.m */; };
		A29D96F219552B8F008E554D /* AppDelegate.m in Sources */ = {isa = PBXBuildFile; fileRef = A29D96F119552B8F008E554D /* AppDelegate.m */; };
		A29D96F519552B8F008E554D /* Main.storyboard in Resources */ = {isa = PBXBuildFile; fileRef = A29D96F319552B8F008E554D /* Main.storyboard */; };
		A29D96F819552B8F008E554D /* ViewController.m in Sources */ = {isa = PBXBuildFile; fileRef = A29D96F719552B8F008E554D /* ViewController.m */; };
		A29D96FA19552B8F008E554D /* Images.xcassets in Resources */ = {isa = PBXBuildFile; fileRef = A29D96F919552B8F008E554D /* Images.xcassets */; };
		A29D970119552B8F008E554D /* XCTest.framework in Frameworks */ = {isa = PBXBuildFile; fileRef = A29D970019552B8F008E554D /* XCTest.framework */; };
		A29D970219552B8F008E554D /* Foundation.framework in Frameworks */ = {isa = PBXBuildFile; fileRef = A29D96E119552B8F008E554D /* Foundation.framework */; };
		A29D970319552B8F008E554D /* UIKit.framework in Frameworks */ = {isa = PBXBuildFile; fileRef = A29D96E519552B8F008E554D /* UIKit.framework */; };
		A29D970B19552B8F008E554D /* InfoPlist.strings in Resources */ = {isa = PBXBuildFile; fileRef = A29D970919552B8F008E554D /* InfoPlist.strings */; };
		A29D970D19552B8F008E554D /* ActionCommitTests.m in Sources */ = {isa = PBXBuildFile; fileRef = A29D970C19552B8F008E554D /* ActionCommitTests.m */; };
/* End PBXBuildFile section */

/* Begin PBXContainerItemProxy section */
		A29D970419552B8F008E554D /* PBXContainerItemProxy */ = {
			isa = PBXContainerItemProxy;
			containerPortal = A29D96D619552B8F008E554D /* Project object */;
			proxyType = 1;
			remoteGlobalIDString = A29D96DD19552B8F008E554D;
			remoteInfo = ActionCommit;
		};
/* End PBXContainerItemProxy section */

/* Begin PBXFileReference section */
		A29D96DE19552B8F008E554D /* ActionCommit.app */ = {isa = PBXFileReference; explicitFileType = wrapper.application; includeInIndex = 0; path = ActionCommit.app; sourceTree = BUILT_PRODUCTS_DIR; };
		A29D96E119552B8F008E554D /* Foundation.framework */ = {isa = PBXFileReference; lastKnownFileType = wrapper.framework; name = Foundation.framework; path = System/Library/Frameworks/Foundation.framework; sourceTree = SDKROOT; };
		A29D96E319552B8F008E554D /* CoreGraphics.framework */ = {isa = PBXFileReference; lastKnownFileType = wrapper.framework; name = CoreGraphics.framework; path = System/Library/Frameworks/CoreGraphics.framework; sourceTree = SDKROOT; };
		A29D96E519552B8F008E554D /* UIKit.framework */ = {isa = PBXFileReference; lastKnownFileType = wrapper.framework; name = UIKit.framework; path = System/Library/Frameworks/UIKit.framework; sourceTree = SDKROOT; };
		A29D96E919552B8F008E554D /* ActionCommit-Info.plist */ = {isa = PBXFileReference; lastKnownFileType = text.plist.xml; path = "ActionCommit-Info.plist"; sourceTree = "<group>"; };
		A29D96EB19552B8F008E554D /* en */ = {isa = PBXFileReference; lastKnownFileType = text.plist.strings; name = en; path = en.lproj/InfoPlist.strings; sourceTree = "<group>"; };
		A29D96ED19552B8F008E554D /* main.m */ = {isa = PBXFileReference; lastKnownFileType = sourcecode.c.objc; path = main.m; sourceTree = "<group>"; };
		A29D96EF19552B8F008E554D /* ActionCommit-Prefix.pch */ = {isa = PBXFileReference; lastKnownFileType = sourcecode.c.h; path = "ActionCommit-Prefix.pch"; sourceTree = "<group>"; };
		A29D96F019552B8F008E554D /* AppDelegate.h */ = {isa = PBXFileReference; lastKnownFileType = sourcecode.c.h; path = AppDelegate.h; sourceTree = "<group>"; };
		A29D96F119552B8F008E554D /* AppDelegate.m */ = {isa = PBXFileReference; lastKnownFileType = sourcecode.c.objc; path = AppDelegate.m; sourceTree = "<group>"; };
		A29D96F419552B8F008E554D /* Base */ = {isa = PBXFileReference; lastKnownFileType = file.storyboard; name = Base; path = Base.lproj/Main.storyboard; sourceTree = "<group>"; };
		A29D96F619552B8F008E554D /* ViewController.h */ = {isa = PBXFileReference; lastKnownFileType = sourcecode.c.h; path = ViewController.h; sourceTree = "<group>"; };
		A29D96F719552B8F008E554D /* ViewController.m */ = {isa = PBXFileReference; lastKnownFileType = sourcecode.c.objc; path = ViewController.m; sourceTree = "<group>"; };
		A29D96F919552B8F008E554D /* Images.xcassets */ = {isa = PBXFileReference; lastKnownFileType = folder.assetcatalog; path = Images.xcassets; sourceTree = "<group>"; };
		A29D96FF19552B8F008E554D /* ActionCommitTests.xctest */ = {isa = PBXFileReference; explicitFileType = wrapper.cfbundle; includeInIndex = 0; path = ActionCommitTests.xctest; sourceTree = BUILT_PRODUCTS_DIR; };
		A29D970019552B8F008E554D /* XCTest.framework */ = {isa = PBXFileReference; lastKnownFileType = wrapper.framework; name = XCTest.framework; path = Library/Frameworks/XCTest.framework; sourceTree = DEVELOPER_DIR; };
		A29D970819552B8F008E554D /* ActionCommitTests-Info.plist */ = {isa = PBXFileReference; lastKnownFileType = text.plist.xml; path = "ActionCommitTests-Info.plist"; sourceTree = "<group>"; };
		A29D970A19552B8F008E554D /* en */ = {isa = PBXFileReference; lastKnownFileType = text.plist.strings; name = en; path = en.lproj/InfoPlist.strings; sourceTree = "<group>"; };
		A29D970C19552B8F008E554D /* ActionCommitTests.m */ = {isa = PBXFileReference; lastKnownFileType = sourcecode.c.objc; path = ActionCommitTests.m; sourceTree = "<group>"; };
/* End PBXFileReference section */

/* Begin PBXFrameworksBuildPhase section */
		A29D96DB19552B8F008E554D /* Frameworks */ = {
			isa = PBXFrameworksBuildPhase;
			buildActionMask = 2147483647;
			files = (
				A29D96E419552B8F008E554D /* CoreGraphics.framework in Frameworks */,
				A29D96E619552B8F008E554D /* UIKit.framework in Frameworks */,
				A29D96E219552B8F008E554D /* Foundation.framework in Frameworks */,
			);
			runOnlyForDeploymentPostprocessing = 0;
		};
		A29D96FC19552B8F008E554D /* Frameworks */ = {
			isa = PBXFrameworksBuildPhase;
			buildActionMask = 2147483647;
			files = (
				A29D970119552B8F008E554D /* XCTest.framework in Frameworks */,
				A29D970319552B8F008E554D /* UIKit.framework in Frameworks */,
				A29D970219552B8F008E554D /* Foundation.framework in Frameworks */,
			);
			runOnlyForDeploymentPostprocessing = 0;
		};
/* End PBXFrameworksBuildPhase section */

/* Begin PBXGroup section */
		A29D96D519552B8F008E554D = {
			isa = PBXGroup;
			children = (
				A29D96E719552B8F008E554D /* ActionCommit */,
				A29D970619552B8F008E554D /* ActionCommitTests */,
				A29D96E019552B8F008E554D /* Frameworks */,
				A29D96DF19552B8F008E554D /* Products */,
			);
			sourceTree = "<group>";
		};
		A29D96DF19552B8F008E554D /* Products */ = {
			isa = PBXGroup;
			children = (
				A29D96DE19552B8F008E554D /* ActionCommit.app */,
				A29D96FF19552B8F008E554D /* ActionCommitTests.xctest */,
			);
			name = Products;
			sourceTree = "<group>";
		};
		A29D96E019552B8F008E554D /* Frameworks */ = {
			isa = PBXGroup;
			children = (
				A29D96E119552B8F008E554D /* Foundation.framework */,
				A29D96E319552B8F008E554D /* CoreGraphics.framework */,
				A29D96E519552B8F008E554D /* UIKit.framework */,
				A29D970019552B8F008E554D /* XCTest.framework */,
			);
			name = Frameworks;
			sourceTree = "<group>";
		};
		A29D96E719552B8F008E554D /* ActionCommit */ = {
			isa = PBXGroup;
			children = (
				A29D96F019552B8F008E554D /* AppDelegate.h */,
				A29D96F119552B8F008E554D /* AppDelegate.m */,
				A29D96F319552B8F008E554D /* Main.storyboard */,
				A29D96F619552B8F008E554D /* ViewController.h */,
				A29D96F719552B8F008E554D /* ViewController.m */,
				A29D96F919552B8F008E554D /* Images.xcassets */,
				A29D96E819552B8F008E554D /* Supporting Files */,
			);
			path = ActionCommit;
			sourceTree = "<group>";
		};
		A29D96E819552B8F008E554D /* Supporting Files */ = {
			isa = PBXGroup;
			children = (
				A29D96E919552B8F008E554D /* ActionCommit-Info.plist */,
				A29D96EA19552B8F008E554D /* InfoPlist.strings */,
				A29D96ED19552B8F008E554D /* main.m */,
				A29D96EF19552B8F008E554D /* ActionCommit-Prefix.pch */,
			);
			name = "Supporting Files";
			sourceTree = "<group>";
		};
		A29D970619552B8F008E554D /* ActionCommitTests */ = {
			isa = PBXGroup;
			children = (
				A29D970C19552B8F008E554D /* ActionCommitTests.m */,
				A29D970719552B8F008E554D /* Supporting Files */,
			);
			path = ActionCommitTests;
			sourceTree = "<group>";
		};
		A29D970719552B8F008E554D /* Supporting Files */ = {
			isa = PBXGroup;
			children = (
				A29D970819552B8F008E554D /* ActionCommitTests-Info.plist */,
				A29D970919552B8F008E554D /* InfoPlist.strings */,
			);
			name = "Supporting Files";
			sourceTree = "<group>";
		};
/* End PBXGroup section */

/* Begin PBXNativeTarget section */
		A29D96DD19552B8F008E554D /* ActionCommit */ = {
			isa = PBXNativeTarget;
			buildConfigurationList = A29D971019552B8F008E554D /* Build configuration list for PBXNativeTarget "ActionCommit" */;
			buildPhases = (
				A29D96DA19552B8F008E554D /* Sources */,
				A29D96DB19552B8F008E554D /* Frameworks */,
				A29D96DC19552B8F008E554D /* Resources */,
			);
			buildRules = (
			);
			dependencies = (
			);
			name = ActionCommit;
			productName = ActionCommit;
			productReference = A29D96DE19552B8F008E554D /* ActionCommit.app */;
			productType = "com.apple.product-type.application";
		};
		A29D96FE19552B8F008E554D /* ActionCommitTests */ = {
			isa = PBXNativeTarget;
			buildConfigurationList = A29D971319552B8F008E554D /* Build configuration list for PBXNativeTarget "ActionCommitTests" */;
			buildPhases = (
				A29D96FB19552B8F008E554D /* Sources */,
				A29D96FC19552B8F008E554D /* Frameworks */,
				A29D96FD19552B8F008E554D /* Resources */,
			);
			buildRules = (
			);
			dependencies = (
				A29D970519552B8F008E554D /* PBXTargetDependency */,
			);
			name = ActionCommitTests;
			productName = ActionCommitTests;
			productReference = A29D96FF19552B8F008E554D /* ActionCommitTests.xctest */;
			productType = "com.apple.product-type.bundle.unit-test";
		};
/* End PBXNativeTarget section */

/* Begin PBXProject section */
		A29D96D619552B8F008E554D /* Project object */ = {
			isa = PBXProject;
			attributes = {
				LastUpgradeCheck = 0510;
				ORGANIZATIONNAME = sadakoa;
				TargetAttributes = {
					A29D96FE19552B8F008E554D = {
						TestTargetID = A29D96DD19552B8F008E554D;
					};
				};
			};
			buildConfigurationList = A29D96D919552B8F008E554D /* Build configuration list for PBXProject "ActionCommit" */;
			compatibilityVersion = "Xcode 3.2";
			developmentRegion = English;
			hasScannedForEncodings = 0;
			knownRegions = (
				en,
				Base,
			);
			mainGroup = A29D96D519552B8F008E554D;
			productRefGroup = A29D96DF19552B8F008E554D /* Products */;
			projectDirPath = "";
			projectRoot = "";
			targets = (
				A29D96DD19552B8F008E554D /* ActionCommit */,
				A29D96FE19552B8F008E554D /* ActionCommitTests */,
			);
		};
/* End PBXProject section */

/* Begin PBXResourcesBuildPhase section */
		A29D96DC19552B8F008E554D /* Resources */ = {
			isa = PBXResourcesBuildPhase;
			buildActionMask = 2147483647;
			files = (
				A29D96FA19552B8F008E554D /* Images.xcassets in Resources */,
				A29D96EC19552B8F008E554D /* InfoPlist.strings in Resources */,
				A29D96F519552B8F008E554D /* Main.storyboard in Resources */,
			);
			runOnlyForDeploymentPostprocessing = 0;
		};
		A29D96FD19552B8F008E554D /* Resources */ = {
			isa = PBXResourcesBuildPhase;
			buildActionMask = 2147483647;
			files = (
				A29D970B19552B8F008E554D /* InfoPlist.strings in Resources */,
			);
			runOnlyForDeploymentPostprocessing = 0;
		};
/* End PBXResourcesBuildPhase section */

/* Begin PBXSourcesBuildPhase section */
		A29D96DA19552B8F008E554D /* Sources */ = {
			isa = PBXSourcesBuildPhase;
			buildActionMask = 2147483647;
			files = (
				A29D96F819552B8F008E554D /* ViewController.m in Sources */,
				A29D96F219552B8F008E554D /* AppDelegate.m in Sources */,
				A29D96EE19552B8F008E554D /* main.m in Sources */,
			);
			runOnlyForDeploymentPostprocessing = 0;
		};
		A29D96FB19552B8F008E554D /* Sources */ = {
			isa = PBXSourcesBuildPhase;
			buildActionMask = 2147483647;
			files = (
				A29D970D19552B8F008E554D /* ActionCommitTests.m in Sources */,
			);
			runOnlyForDeploymentPostprocessing = 0;
		};
/* End PBXSourcesBuildPhase section */

/* Begin PBXTargetDependency section */
		A29D970519552B8F008E554D /* PBXTargetDependency */ = {
			isa = PBXTargetDependency;
			target = A29D96DD19552B8F008E554D /* ActionCommit */;
			targetProxy = A29D970419552B8F008E554D /* PBXContainerItemProxy */;
		};
/* End PBXTargetDependency section */

/* Begin PBXVariantGroup section */
		A29D96EA19552B8F008E554D /* InfoPlist.strings */ = {
			isa = PBXVariantGroup;
			children = (
				A29D96EB19552B8F008E554D /* en */,
			);
			name = InfoPlist.strings;
			sourceTree = "<group>";
		};
		A29D96F319552B8F008E554D /* Main.storyboard */ = {
			isa = PBXVariantGroup;
			children = (
				A29D96F419552B8F008E554D /* Base */,
			);
			name = Main.storyboard;
			sourceTree = "<group>";
		};
		A29D970919552B8F008E554D /* InfoPlist.strings */ = {
			isa = PBXVariantGroup;
			children = (
				A29D970A19552B8F008E554D /* en */,
			);
			name = InfoPlist.strings;
			sourceTree = "<group>";
		};
/* End PBXVariantGroup section */

/* Begin XCBuildConfiguration section */
		A29D970E19552B8F008E554D /* Debug */ = {
			isa = XCBuildConfiguration;
			buildSettings = {
				ALWAYS_SEARCH_USER_PATHS = NO;
				CLANG_CXX_LANGUAGE_STANDARD = "gnu++0x";
				CLANG_CXX_LIBRARY = "libc++";
				CLANG_ENABLE_MODULES = YES;
				CLANG_ENABLE_OBJC_ARC = YES;
				CLANG_WARN_BOOL_CONVERSION = YES;
				CLANG_WARN_CONSTANT_CONVERSION = YES;
				CLANG_WARN_DIRECT_OBJC_ISA_USAGE = YES_ERROR;
				CLANG_WARN_EMPTY_BODY = YES;
				CLANG_WARN_ENUM_CONVERSION = YES;
				CLANG_WARN_INT_CONVERSION = YES;
				CLANG_WARN_OBJC_ROOT_CLASS = YES_ERROR;
				CLANG_WARN__DUPLICATE_METHOD_MATCH = YES;
				"CODE_SIGN_IDENTITY[sdk=iphoneos*]" = "iPhone Developer";
				COPY_PHASE_STRIP = NO;
				GCC_C_LANGUAGE_STANDARD = gnu99;
				GCC_DYNAMIC_NO_PIC = NO;
				GCC_OPTIMIZATION_LEVEL = 0;
				GCC_PREPROCESSOR_DEFINITIONS = (
					"DEBUG=1",
					"$(inherited)",
				);
				GCC_SYMBOLS_PRIVATE_EXTERN = NO;
				GCC_WARN_64_TO_32_BIT_CONVERSION = YES;
				GCC_WARN_ABOUT_RETURN_TYPE = YES_ERROR;
				GCC_WARN_UNDECLARED_SELECTOR = YES;
				GCC_WARN_UNINITIALIZED_AUTOS = YES_AGGRESSIVE;
				GCC_WARN_UNUSED_FUNCTION = YES;
				GCC_WARN_UNUSED_VARIABLE = YES;
				IPHONEOS_DEPLOYMENT_TARGET = 7.1;
				ONLY_ACTIVE_ARCH = YES;
				SDKROOT = iphoneos;
			};
			name = Debug;
		};
		A29D970F19552B8F008E554D /* Release */ = {
			isa = XCBuildConfiguration;
			buildSettings = {
				ALWAYS_SEARCH_USER_PATHS = NO;
				CLANG_CXX_LANGUAGE_STANDARD = "gnu++0x";
				CLANG_CXX_LIBRARY = "libc++";
				CLANG_ENABLE_MODULES = YES;
				CLANG_ENABLE_OBJC_ARC = YES;
				CLANG_WARN_BOOL_CONVERSION = YES;
				CLANG_WARN_CONSTANT_CONVERSION = YES;
				CLANG_WARN_DIRECT_OBJC_ISA_USAGE = YES_ERROR;
				CLANG_WARN_EMPTY_BODY = YES;
				CLANG_WARN_ENUM_CONVERSION = YES;
				CLANG_WARN_INT_CONVERSION = YES;
				CLANG_WARN_OBJC_ROOT_CLASS = YES_ERROR;
				CLANG_WARN__DUPLICATE_METHOD_MATCH = YES;
				"CODE_SIGN_IDENTITY[sdk=iphoneos*]" = "iPhone Developer";
				COPY_PHASE_STRIP = YES;
				ENABLE_NS_ASSERTIONS = NO;
				GCC_C_LANGUAGE_STANDARD = gnu99;
				GCC_WARN_64_TO_32_BIT_CONVERSION = YES;
				GCC_WARN_ABOUT_RETURN_TYPE = YES_ERROR;
				GCC_WARN_UNDECLARED_SELECTOR = YES;
				GCC_WARN_UNINITIALIZED_AUTOS = YES_AGGRESSIVE;
				GCC_WARN_UNUSED_FUNCTION = YES;
				GCC_WARN_UNUSED_VARIABLE = YES;
				IPHONEOS_DEPLOYMENT_TARGET = 7.1;
				SDKROOT = iphoneos;
				VALIDATE_PRODUCT = YES;
			};
			name = Release;
		};
		A29D971119552B8F008E554D /* Debug */ = {
			isa = XCBuildConfiguration;
			buildSettings = {
				ASSETCATALOG_COMPILER_APPICON_NAME = AppIcon;
				ASSETCATALOG_COMPILER_LAUNCHIMAGE_NAME = LaunchImage;
				GCC_PRECOMPILE_PREFIX_HEADER = YES;
				GCC_PREFIX_HEADER = "ActionCommit/ActionCommit-Prefix.pch";
				INFOPLIST_FILE = "ActionCommit/ActionCommit-Info.plist";
				PRODUCT_NAME = "$(TARGET_NAME)";
				WRAPPER_EXTENSION = app;
			};
			name = Debug;
		};
		A29D971219552B8F008E554D /* Release */ = {
			isa = XCBuildConfiguration;
			buildSettings = {
				ASSETCATALOG_COMPILER_APPICON_NAME = AppIcon;
				ASSETCATALOG_COMPILER_LAUNCHIMAGE_NAME = LaunchImage;
				GCC_PRECOMPILE_PREFIX_HEADER = YES;
				GCC_PREFIX_HEADER = "ActionCommit/ActionCommit-Prefix.pch";
				INFOPLIST_FILE = "ActionCommit/ActionCommit-Info.plist";
				PRODUCT_NAME = "$(TARGET_NAME)";
				WRAPPER_EXTENSION = app;
			};
			name = Release;
		};
		A29D971419552B8F008E554D /* Debug */ = {
			isa = XCBuildConfiguration;
			buildSettings = {
				BUNDLE_LOADER = "$(BUILT_PRODUCTS_DIR)/ActionCommit.app/ActionCommit";
				FRAMEWORK_SEARCH_PATHS = (
					"$(SDKROOT)/Developer/Library/Frameworks",
					"$(inherited)",
					"$(DEVELOPER_FRAMEWORKS_DIR)",
				);
				GCC_PRECOMPILE_PREFIX_HEADER = YES;
				GCC_PREFIX_HEADER = "ActionCommit/ActionCommit-Prefix.pch";
				GCC_PREPROCESSOR_DEFINITIONS = (
					"DEBUG=1",
					"$(inherited)",
				);
				INFOPLIST_FILE = "ActionCommitTests/ActionCommitTests-Info.plist";
				PRODUCT_NAME = "$(TARGET_NAME)";
				TEST_HOST = "$(BUNDLE_LOADER)";
				WRAPPER_EXTENSION = xctest;
			};
			name = Debug;
		};
		A29D971519552B8F008E554D /* Release */ = {
			isa = XCBuildConfiguration;
			buildSettings = {
				BUNDLE_LOADER = "$(BUILT_PRODUCTS_DIR)/ActionCommit.app/ActionCommit";
				FRAMEWORK_SEARCH_PATHS = (
					"$(SDKROOT)/Developer/Library/Frameworks",
					"$(inherited)",
					"$(DEVELOPER_FRAMEWORKS_DIR)",
				);
				GCC_PRECOMPILE_PREFIX_HEADER = YES;
				GCC_PREFIX_HEADER = "ActionCommit/ActionCommit-Prefix.pch";
				INFOPLIST_FILE = "ActionCommitTests/ActionCommitTests-Info.plist";
				PRODUCT_NAME = "$(TARGET_NAME)";
				TEST_HOST = "$(BUNDLE_LOADER)";
				WRAPPER_EXTENSION = xctest;
			};
			name = Release;
		};
/* End XCBuildConfiguration section */

/* Begin XCConfigurationList section */
		A29D96D919552B8F008E554D /* Build configuration list for PBXProject "ActionCommit" */ = {
			isa = XCConfigurationList;
			buildConfigurations = (
				A29D970E19552B8F008E554D /* Debug */,
				A29D970F19552B8F008E554D /* Release */,
			);
			defaultConfigurationIsVisible = 0;
			defaultConfigurationName = Release;
		};
		A29D971019552B8F008E554D /* Build configuration list for PBXNativeTarget "ActionCommit" */ = {
			isa = XCConfigurationList;
			buildConfigurations = (
				A29D971119552B8F008E554D /* Debug */,
				A29D971219552B8F008E554D /* Release */,
			);
			defaultConfigurationIsVisible = 0;
		};
		A29D971319552B8F008E554D /* Build configuration list for PBXNativeTarget "ActionCommitTests" */ = {
			isa = XCConfigurationList;
			buildConfigurations = (
				A29D971419552B8F008E554D /* Debug */,
				A29D971519552B8F008E554D /* Release */,
			);
			defaultConfigurationIsVisible = 0;
		};
/* End XCConfigurationList section */
	};
	rootObject = A29D96D619552B8F008E554D /* Project object */;
}
